
Microsoft Visual Studio Solution File, Format Version 12.00
# Visual Studio Version 17
VisualStudioVersion = 17.11.35222.181
MinimumVisualStudioVersion = 10.0.40219.1
Project("{FAE04EC0-301F-11D3-BF4B-00C04F79EFBC}") = "ProcesareaSirurilor", "ProcesareaSirurilor\ProcesareaSirurilor.csproj", "{0562DC83-4A4A-469F-B73E-F5B90AD29C86}"
EndProject
Global
	GlobalSection(SolutionConfigurationPlatforms) = preSolution
		Debug|Any CPU = Debug|Any CPU
		Release|Any CPU = Release|Any CPU
	EndGlobalSection
	GlobalSection(ProjectConfigurationPlatforms) = postSolution
		{0562DC83-4A4A-469F-B73E-F5B90AD29C86}.Debug|Any CPU.ActiveCfg = Debug|Any CPU
		{0562DC83-4A4A-469F-B73E-F5B90AD29C86}.Debug|Any CPU.Build.0 = Debug|Any CPU
		{0562DC83-4A4A-469F-B73E-F5B90AD29C86}.Release|Any CPU.ActiveCfg = Release|Any CPU
		{0562DC83-4A4A-469F-B73E-F5B90AD29C86}.Release|Any CPU.Build.0 = Release|Any CPU
	EndGlobalSection
	GlobalSection(SolutionProperties) = preSolution
		HideSolutionNode = FALSE
	EndGlobalSection
	GlobalSection(ExtensibilityGlobals) = postSolution
		SolutionGuid = {C6B03546-2DA5-41BF-BC39-9CF1B1AE9CFC}
	EndGlobalSection
EndGlobal
